
Microsoft Visual Studio Solution File, Format Version 12.00
# Visual Studio Version 16
VisualStudioVersion = 16.0.30011.22
MinimumVisualStudioVersion = 10.0.40219.1
Project("{FAE04EC0-301F-11D3-BF4B-00C04F79EFBC}") = "API_CRUD", "API_CRUD\API_CRUD.csproj", "{E6DD766F-6532-4E4B-9FB1-486C72AE4EF7}"
EndProject
Project("{FAE04EC0-301F-11D3-BF4B-00C04F79EFBC}") = "MVC_CRUD", "MVC_CRUD\MVC_CRUD.csproj", "{3F32DA06-3CCC-427F-8E74-ED1EF066032E}"
EndProject
Global
	GlobalSection(SolutionConfigurationPlatforms) = preSolution
		Debug|Any CPU = Debug|Any CPU
		Release|Any CPU = Release|Any CPU
	EndGlobalSection
	GlobalSection(ProjectConfigurationPlatforms) = postSolution
		{E6DD766F-6532-4E4B-9FB1-486C72AE4EF7}.Debug|Any CPU.ActiveCfg = Debug|Any CPU
		{E6DD766F-6532-4E4B-9FB1-486C72AE4EF7}.Debug|Any CPU.Build.0 = Debug|Any CPU
		{E6DD766F-6532-4E4B-9FB1-486C72AE4EF7}.Release|Any CPU.ActiveCfg = Release|Any CPU
		{E6DD766F-6532-4E4B-9FB1-486C72AE4EF7}.Release|Any CPU.Build.0 = Release|Any CPU
		{3F32DA06-3CCC-427F-8E74-ED1EF066032E}.Debug|Any CPU.ActiveCfg = Debug|Any CPU
		{3F32DA06-3CCC-427F-8E74-ED1EF066032E}.Debug|Any CPU.Build.0 = Debug|Any CPU
		{3F32DA06-3CCC-427F-8E74-ED1EF066032E}.Release|Any CPU.ActiveCfg = Release|Any CPU
		{3F32DA06-3CCC-427F-8E74-ED1EF066032E}.Release|Any CPU.Build.0 = Release|Any CPU
	EndGlobalSection
	GlobalSection(SolutionProperties) = preSolution
		HideSolutionNode = FALSE
	EndGlobalSection
	GlobalSection(ExtensibilityGlobals) = postSolution
		SolutionGuid = {6B0B8D88-DDCA-468B-B148-E4C33B60A42E}
	EndGlobalSection
EndGlobal
